<?xml version="1.0" encoding="utf-8"?>
<Project ToolsVersion="4.0" xmlns="http://schemas.microsoft.com/developer/msbuild/2003">
  <ItemGroup>
    <Filter Include="Source Files">
      <UniqueIdentifier>{4FC737F1-C7A5-4376-A066-2A32D752A2FF}</UniqueIdentifier>
      <Extensions>cpp;c;cc;cxx;c++;cppm;ixx;def;odl;idl;hpj;bat;asm;asmx</Extensions>
    </Filter>
    <Filter Include="Header Files">
      <UniqueIdentifier>{93995380-89BD-4b04-88EB-625FBE52EBFB}</UniqueIdentifier>
      <Extensions>h;hh;hpp;hxx;h++;hm;inl;inc;ipp;xsd</Extensions>
    </Filter>
    <Filter Include="Resource Files">
      <UniqueIdentifier>{67DA6AB6-F800-4c08-8B7A-83BB121AAD01}</UniqueIdentifier>
      <Extensions>rc;ico;cur;bmp;dlg;rc2;rct;bin;rgs;gif;jpg;jpeg;jpe;resx;tiff;tif;png;wav;mfcribbon-ms</Extensions>
    </Filter>
    <Filter Include="Misc">
      <UniqueIdentifier>{9788fe2b-5253-474b-a3e9-ca4ea668a08d}</UniqueIdentifier>
    </Filter>
    <Filter Include="Engine">
      <UniqueIdentifier>{284b8c51-550a-424b-a1ab-2866b6884bef}</UniqueIdentifier>
    </Filter>
    <Filter Include="Session">
      <UniqueIdentifier>{2ebc6598-2e6d-4b30-907b-083b04e6659e}</UniqueIdentifier>
    </Filter>
    <Filter Include="Source Files\GObject">
      <UniqueIdentifier>{eb1a9cd5-30b2-40a7-8d7f-9581847c8662}</UniqueIdentifier>
    </Filter>
    <Filter Include="Source Files\GObject\AActor">
      <UniqueIdentifier>{eaf03fdc-fdc5-48bb-bdd4-23ace5545e0b}</UniqueIdentifier>
    </Filter>
    <Filter Include="Misc\Dialogue">
      <UniqueIdentifier>{af75a29f-49cd-47c5-bf15-118b8d71ae13}</UniqueIdentifier>
    </Filter>
    <Filter Include="Misc\Utilities">
      <UniqueIdentifier>{0b11c77f-22d9-495c-bd87-0069f5f85ee8}</UniqueIdentifier>
    </Filter>
    <Filter Include="Header Files\GObject">
      <UniqueIdentifier>{515206ed-d511-4e8a-a06b-334cf7f65baf}</UniqueIdentifier>
    </Filter>
    <Filter Include="Header Files\GObject\AActor">
      <UniqueIdentifier>{db6e03bb-241d-4c53-8075-97f00cd4a906}</UniqueIdentifier>
    </Filter>
    <Filter Include="Misc\UI">
      <UniqueIdentifier>{392a96fb-38eb-4448-af3f-e4fc068c1c97}</UniqueIdentifier>
    </Filter>
    <Filter Include="Manager">
      <UniqueIdentifier>{e048c132-581c-44f8-925c-5946bf4efba8}</UniqueIdentifier>
    </Filter>
    <Filter Include="Engine\Engine Utils">
      <UniqueIdentifier>{37379f36-d412-4dfe-9ba8-8a54ece03585}</UniqueIdentifier>
    </Filter>
    <Filter Include="Source Files\Main">
      <UniqueIdentifier>{73ced23d-8720-4a69-a40d-04c15af5660c}</UniqueIdentifier>
    </Filter>
    <Filter Include="Header Files\Structs">
      <UniqueIdentifier>{ec22e8e3-cf6d-4c8a-aa3a-f4ae87db93f6}</UniqueIdentifier>
    </Filter>
  </ItemGroup>
  <ItemGroup>
    <ClCompile Include="GameEngine.cpp">
      <Filter>Engine</Filter>
    </ClCompile>
    <ClCompile Include="GObject.cpp">
      <Filter>Source Files\GObject</Filter>
    </ClCompile>
    <ClCompile Include="Player.cpp">
      <Filter>Source Files\GObject\AActor</Filter>
    </ClCompile>
    <ClCompile Include="Character.cpp">
      <Filter>Source Files\GObject\AActor</Filter>
    </ClCompile>
    <ClCompile Include="AActor.cpp">
      <Filter>Source Files\GObject\AActor</Filter>
    </ClCompile>
    <ClCompile Include="GameSession.cpp">
      <Filter>Session</Filter>
    </ClCompile>
    <ClCompile Include="GameManager.cpp">
      <Filter>Manager</Filter>
    </ClCompile>
    <ClCompile Include="RPGGame.cpp">
      <Filter>Source Files\Main</Filter>
    </ClCompile>
  </ItemGroup>
  <ItemGroup>
    <ClInclude Include="GameEngine.h">
      <Filter>Engine</Filter>
    </ClInclude>
    <ClInclude Include="GameSession.h">
      <Filter>Session</Filter>
    </ClInclude>
    <ClInclude Include="Dialogue.h">
      <Filter>Misc\Dialogue</Filter>
    </ClInclude>
    <ClInclude Include="Helper.h">
      <Filter>Misc\Utilities</Filter>
    </ClInclude>
    <ClInclude Include="Input.h">
      <Filter>Misc\Utilities</Filter>
    </ClInclude>
    <ClInclude Include="GObject.h">
      <Filter>Header Files\GObject</Filter>
    </ClInclude>
    <ClInclude Include="AActor.h">
      <Filter>Header Files\GObject\AActor</Filter>
    </ClInclude>
    <ClInclude Include="Character.h">
      <Filter>Header Files\GObject\AActor</Filter>
    </ClInclude>
    <ClInclude Include="Player.h">
      <Filter>Header Files\GObject\AActor</Filter>
    </ClInclude>
    <ClInclude Include="UMath.h">
      <Filter>Engine\Engine Utils</Filter>
    </ClInclude>
    <ClInclude Include="Menus.h">
      <Filter>Misc\UI</Filter>
    </ClInclude>
    <ClInclude Include="Screens.h">
      <Filter>Misc\UI</Filter>
    </ClInclude>
    <ClInclude Include="GameManager.h">
      <Filter>Manager</Filter>
    </ClInclude>
    <ClInclude Include="CharacterTypes.h">
      <Filter>Header Files\Structs</Filter>
    </ClInclude>
    <ClInclude Include="CharacterCreator.h">
      <Filter>Misc\Utilities</Filter>
    </ClInclude>
    <ClInclude Include="Spells.h">
      <Filter>Header Files\Structs</Filter>
    </ClInclude>
  </ItemGroup>
</Project>